
Microsoft Visual Studio Solution File, Format Version 12.00
# Visual Studio 2013
VisualStudioVersion = 12.0.31101.0
MinimumVisualStudioVersion = 10.0.40219.1
Project("{8BC9CEB8-8B4A-11D0-8D11-00A0C91BC942}") = "정적라이브러리", "정적라이브러리\정적라이브러리.vcxproj", "{0BFC0794-4FAB-48C0-ACB0-19DDAE259A6A}"
EndProject
Global
	GlobalSection(SolutionConfigurationPlatforms) = preSolution
		Debug|Win32 = Debug|Win32
		Release|Win32 = Release|Win32
	EndGlobalSection
	GlobalSection(ProjectConfigurationPlatforms) = postSolution
		{0BFC0794-4FAB-48C0-ACB0-19DDAE259A6A}.Debug|Win32.ActiveCfg = Debug|Win32
		{0BFC0794-4FAB-48C0-ACB0-19DDAE259A6A}.Debug|Win32.Build.0 = Debug|Win32
		{0BFC0794-4FAB-48C0-ACB0-19DDAE259A6A}.Release|Win32.ActiveCfg = Release|Win32
		{0BFC0794-4FAB-48C0-ACB0-19DDAE259A6A}.Release|Win32.Build.0 = Release|Win32
	EndGlobalSection
	GlobalSection(SolutionProperties) = preSolution
		HideSolutionNode = FALSE
	EndGlobalSection
EndGlobal
